<?xml version="1.0" encoding="utf-8"?>
<Project ToolsVersion="4.0" xmlns="http://schemas.microsoft.com/developer/msbuild/2003">
  <ItemGroup>
    <Filter Include="源文件">
      <UniqueIdentifier>{4FC737F1-C7A5-4376-A066-2A32D752A2FF}</UniqueIdentifier>
      <Extensions>cpp;c;cc;cxx;def;odl;idl;hpj;bat;asm;asmx</Extensions>
    </Filter>
    <Filter Include="头文件">
      <UniqueIdentifier>{93995380-89BD-4b04-88EB-625FBE52EBFB}</UniqueIdentifier>
      <Extensions>h;hpp;hxx;hm;inl;inc;xsd</Extensions>
    </Filter>
    <Filter Include="资源文件">
      <UniqueIdentifier>{67DA6AB6-F800-4c08-8B7A-83BB121AAD01}</UniqueIdentifier>
      <Extensions>rc;ico;cur;bmp;dlg;rc2;rct;bin;rgs;gif;jpg;jpeg;jpe;resx;tiff;tif;png;wav;mfcribbon-ms</Extensions>
    </Filter>
  </ItemGroup>
  <ItemGroup>
    <Text Include="ReadMe.txt" />
    <Text Include="LICENSE.txt" />
  </ItemGroup>
  <ItemGroup>
    <ClInclude Include="ArbitraryEnergy.h">
      <Filter>头文件</Filter>
    </ClInclude>
    <ClInclude Include="stdafx.h">
      <Filter>头文件</Filter>
    </ClInclude>
    <ClInclude Include="targetver.h">
      <Filter>头文件</Filter>
    </ClInclude>
    <ClInclude Include="MainFrm.h">
      <Filter>头文件</Filter>
    </ClInclude>
    <ClInclude Include="ArbitraryEnergyDoc.h">
      <Filter>头文件</Filter>
    </ClInclude>
    <ClInclude Include="ArbitraryEnergyView.h">
      <Filter>头文件</Filter>
    </ClInclude>
    <ClInclude Include="Resource.h">
      <Filter>头文件</Filter>
    </ClInclude>
    <ClInclude Include="Electret.h">
      <Filter>头文件</Filter>
    </ClInclude>
    <ClInclude Include="Kettle.h">
      <Filter>头文件</Filter>
    </ClInclude>
    <ClInclude Include="Simulate.h">
      <Filter>头文件</Filter>
    </ClInclude>
    <ClInclude Include="Fuel.h">
      <Filter>头文件</Filter>
    </ClInclude>
    <ClInclude Include="Misc.h">
      <Filter>头文件</Filter>
    </ClInclude>
    <ClInclude Include="Type.h">
      <Filter>头文件</Filter>
    </ClInclude>
    <ClInclude Include="Sphere.h">
      <Filter>头文件</Filter>
    </ClInclude>
    <ClInclude Include="3DWindow.h">
      <Filter>头文件</Filter>
    </ClInclude>
    <ClInclude Include="DialogTool.h">
      <Filter>头文件</Filter>
    </ClInclude>
    <ClInclude Include="ButtonAutoCall3DPaint.h">
      <Filter>头文件</Filter>
    </ClInclude>
    <ClInclude Include="StaticLog.h">
      <Filter>头文件</Filter>
    </ClInclude>
    <ClInclude Include="EditFloat.h">
      <Filter>头文件</Filter>
    </ClInclude>
    <ClInclude Include="StaticRainbowValue.h">
      <Filter>头文件</Filter>
    </ClInclude>
  </ItemGroup>
  <ItemGroup>
    <ClCompile Include="ArbitraryEnergy.cpp">
      <Filter>源文件</Filter>
    </ClCompile>
    <ClCompile Include="stdafx.cpp">
      <Filter>源文件</Filter>
    </ClCompile>
    <ClCompile Include="MainFrm.cpp">
      <Filter>源文件</Filter>
    </ClCompile>
    <ClCompile Include="ArbitraryEnergyDoc.cpp">
      <Filter>源文件</Filter>
    </ClCompile>
    <ClCompile Include="ArbitraryEnergyView.cpp">
      <Filter>源文件</Filter>
    </ClCompile>
    <ClCompile Include="Electret.cpp">
      <Filter>源文件</Filter>
    </ClCompile>
    <ClCompile Include="Kettle.cpp">
      <Filter>源文件</Filter>
    </ClCompile>
    <ClCompile Include="Simulate.cpp">
      <Filter>源文件</Filter>
    </ClCompile>
    <ClCompile Include="Fuel.cpp">
      <Filter>源文件</Filter>
    </ClCompile>
    <ClCompile Include="Misc.cpp">
      <Filter>源文件</Filter>
    </ClCompile>
    <ClCompile Include="Type.cpp">
      <Filter>源文件</Filter>
    </ClCompile>
    <ClCompile Include="Sphere.cpp">
      <Filter>源文件</Filter>
    </ClCompile>
    <ClCompile Include="DialogTool.cpp">
      <Filter>源文件</Filter>
    </ClCompile>
    <ClCompile Include="ButtonAutoCall3DPaint.cpp">
      <Filter>源文件</Filter>
    </ClCompile>
    <ClCompile Include="StaticLog.cpp">
      <Filter>源文件</Filter>
    </ClCompile>
    <ClCompile Include="EditFloat.cpp">
      <Filter>源文件</Filter>
    </ClCompile>
    <ClCompile Include="StaticRainbowValue.cpp">
      <Filter>源文件</Filter>
    </ClCompile>
  </ItemGroup>
  <ItemGroup>
    <None Include="ArbitraryEnergy.reg" />
    <None Include="res\ArbitraryEnergy.rc2">
      <Filter>资源文件</Filter>
    </None>
  </ItemGroup>
  <ItemGroup>
    <ResourceCompile Include="ArbitraryEnergy.rc">
      <Filter>资源文件</Filter>
    </ResourceCompile>
  </ItemGroup>
  <ItemGroup>
    <Image Include="res\ArbitraryEnergyDoc.ico">
      <Filter>资源文件</Filter>
    </Image>
    <Image Include="res\ArbitraryEnergy.ico">
      <Filter>资源文件</Filter>
    </Image>
  </ItemGroup>
</Project>